<Solution>
  <Folder Name="/Solution Items/">
    <File Path="requests.http" />
  </Folder>
  <Folder Name="/src/">
    <Project Path="src/MfgNewsAnalyzer.Core/MfgNewsAnalyzer.Core.csproj" />
    <Project Path="src/MfgNewsAnalyzer.Functions/MfgNewsAnalyzer.Functions.csproj" />
  </Folder>
</Solution>
